
Microsoft Visual Studio Solution File, Format Version 12.00
# Visual Studio 2017
Project("{FAE04EC0-301F-11D3-BF4B-00C04F79EFBC}") = "Crabland", "Crabland.csproj", "{ED4BCD24-10F2-9D1F-E553-2F659F6CFF80}"
EndProject
Project("{FAE04EC0-301F-11D3-BF4B-00C04F79EFBC}") = "Crabland.Plugins", "Crabland.Plugins.csproj", "{C56E92D1-106E-2F64-E265-B29878A063E3}"
EndProject
Project("{FAE04EC0-301F-11D3-BF4B-00C04F79EFBC}") = "Crabland.Editor", "Crabland.Editor.csproj", "{3CA243CB-F3C1-4C6F-98F3-381EAC41CF56}"
EndProject
Global
	GlobalSection(SolutionConfigurationPlatforms) = preSolution
		Debug|Any CPU = Debug|Any CPU
		Release|Any CPU = Release|Any CPU
	EndGlobalSection
	GlobalSection(ProjectConfigurationPlatforms) = postSolution
		{ED4BCD24-10F2-9D1F-E553-2F659F6CFF80}.Debug|Any CPU.ActiveCfg = Debug|Any CPU
		{ED4BCD24-10F2-9D1F-E553-2F659F6CFF80}.Debug|Any CPU.Build.0 = Debug|Any CPU
		{ED4BCD24-10F2-9D1F-E553-2F659F6CFF80}.Release|Any CPU.ActiveCfg = Release|Any CPU
		{ED4BCD24-10F2-9D1F-E553-2F659F6CFF80}.Release|Any CPU.Build.0 = Release|Any CPU
		{C56E92D1-106E-2F64-E265-B29878A063E3}.Debug|Any CPU.ActiveCfg = Debug|Any CPU
		{C56E92D1-106E-2F64-E265-B29878A063E3}.Debug|Any CPU.Build.0 = Debug|Any CPU
		{C56E92D1-106E-2F64-E265-B29878A063E3}.Release|Any CPU.ActiveCfg = Release|Any CPU
		{C56E92D1-106E-2F64-E265-B29878A063E3}.Release|Any CPU.Build.0 = Release|Any CPU
		{3CA243CB-F3C1-4C6F-98F3-381EAC41CF56}.Debug|Any CPU.ActiveCfg = Debug|Any CPU
		{3CA243CB-F3C1-4C6F-98F3-381EAC41CF56}.Debug|Any CPU.Build.0 = Debug|Any CPU
		{3CA243CB-F3C1-4C6F-98F3-381EAC41CF56}.Release|Any CPU.ActiveCfg = Release|Any CPU
		{3CA243CB-F3C1-4C6F-98F3-381EAC41CF56}.Release|Any CPU.Build.0 = Release|Any CPU
	EndGlobalSection
	GlobalSection(SolutionProperties) = preSolution
		HideSolutionNode = FALSE
	EndGlobalSection
EndGlobal
